
Microsoft Visual Studio Solution File, Format Version 12.00
# Visual Studio Version 17
VisualStudioVersion = 17.5.33516.290
MinimumVisualStudioVersion = 10.0.40219.1
Project("{9A19103F-16F7-4668-BE54-9A1E7A4F7556}") = "ProyectoFinal", "ProyectoFinal\ProyectoFinal.csproj", "{EC7A98F3-00C2-41A6-A8E6-260DA1D547AD}"
EndProject
Global
	GlobalSection(SolutionConfigurationPlatforms) = preSolution
		Debug|Any CPU = Debug|Any CPU
		Release|Any CPU = Release|Any CPU
	EndGlobalSection
	GlobalSection(ProjectConfigurationPlatforms) = postSolution
		{EC7A98F3-00C2-41A6-A8E6-260DA1D547AD}.Debug|Any CPU.ActiveCfg = Debug|Any CPU
		{EC7A98F3-00C2-41A6-A8E6-260DA1D547AD}.Debug|Any CPU.Build.0 = Debug|Any CPU
		{EC7A98F3-00C2-41A6-A8E6-260DA1D547AD}.Release|Any CPU.ActiveCfg = Release|Any CPU
		{EC7A98F3-00C2-41A6-A8E6-260DA1D547AD}.Release|Any CPU.Build.0 = Release|Any CPU
	EndGlobalSection
	GlobalSection(SolutionProperties) = preSolution
		HideSolutionNode = FALSE
	EndGlobalSection
	GlobalSection(ExtensibilityGlobals) = postSolution
		SolutionGuid = {844AFA69-FFF6-47B8-88A4-B1BBF521F160}
	EndGlobalSection
EndGlobal
